{
  "name": "hi-introvert",
  "version": "1.1.1",
  "lockfileVersion": 3,
  "requires": true,
  "packages": {
    "": {
      "name": "hi-introvert",
      "version": "1.1.1",
      "license": "MIT",
      "dependencies": {
        "@types/blessed": "^0.1.25",
        "@v1b3x0r/mds-core": "file:..",
        "blessed": "^0.1.81",
        "chalk": "^5.3.0"
      },
      "bin": {
        "hi-introvert": "bin/hi-introvert.js"
      },
      "devDependencies": {
        "@types/node": "^20.11.0",
        "typescript": "^5.3.0"
      },
      "engines": {
        "node": ">=18"
      }
    },
    "..": {
      "name": "@v1b3x0r/mds-core",
      "version": "5.8.0",
      "license": "MIT",
      "devDependencies": {
        "@types/node": "^24.9.1",
        "terser": "^5.44.0",
        "typescript": "^5.6.0",
        "vite": "^6.0.0"
      },
      "engines": {
        "node": ">=18"
      }
    },
    "node_modules/@types/blessed": {
      "version": "0.1.25",
      "resolved": "https://registry.npmjs.org/@types/blessed/-/blessed-0.1.25.tgz",
      "integrity": "sha512-kQsjBgtsbJLmG6CJA+Z6Nujj+tq1fcSE3UIowbDvzQI4wWmoTV7djUDhSo5lDjgwpIN0oRvks0SA5mMdKE5eFg==",
      "license": "MIT",
      "dependencies": {
        "@types/node": "*"
      }
    },
    "node_modules/@types/node": {
      "version": "20.19.23",
      "license": "MIT",
      "dependencies": {
        "undici-types": "~6.21.0"
      }
    },
    "node_modules/@v1b3x0r/mds-core": {
      "resolved": "..",
      "link": true
    },
    "node_modules/blessed": {
      "version": "0.1.81",
      "resolved": "https://registry.npmjs.org/blessed/-/blessed-0.1.81.tgz",
      "integrity": "sha512-LoF5gae+hlmfORcG1M5+5XZi4LBmvlXTzwJWzUlPryN/SJdSflZvROM2TwkT0GMpq7oqT48NRd4GS7BiVBc5OQ==",
      "license": "MIT",
      "bin": {
        "blessed": "bin/tput.js"
      },
      "engines": {
        "node": ">= 0.8.0"
      }
    },
    "node_modules/chalk": {
      "version": "5.6.2",
      "license": "MIT",
      "engines": {
        "node": "^12.17.0 || ^14.13 || >=16.0.0"
      },
      "funding": {
        "url": "https://github.com/chalk/chalk?sponsor=1"
      }
    },
    "node_modules/typescript": {
      "version": "5.9.3",
      "dev": true,
      "license": "Apache-2.0",
      "bin": {
        "tsc": "bin/tsc",
        "tsserver": "bin/tsserver"
      },
      "engines": {
        "node": ">=14.17"
      }
    },
    "node_modules/undici-types": {
      "version": "6.21.0",
      "license": "MIT"
    }
  }
}
